dependencies:
  espressif/esp32-camera:
    component_hash: bf6c6f29710c79228988cf91c18a31b40178f42086b39a3157a4d15df201978b
    source:
      service_url: https://api.components.espressif.com/
      type: service
    version: 2.0.3
  espressif/esp_lcd_touch:
    component_hash: 805a51c99c8b532ee762a77a03a49b9f5ca2b45413faea63d2146ec85cfcdee2
    source:
      service_url: https://api.components.espressif.com/
      type: service
    version: 1.0.3
  espressif/esp_lvgl_port:
    component_hash: 3d1c08d8f21f1aefb302a0df5628fdf037754f5af167216d7cb48a109fd64d07
    source:
      service_url: https://api.components.espressif.com/
      type: service
    version: 1.0.1
  idf:
    component_hash: null
    source:
      type: idf
    version: 5.0.0
  liux-pro/apriltag:
    component_hash: 3fb86010c186441d9f2eb64b39c3d2ac2b6a321de122bd4b239f069fb5e76be2
    source:
      service_url: https://api.components.espressif.com/
      type: service
    version: 0.0.3
  liux-pro/merge:
    component_hash: 157a7a1a24aa135836c6571110436622cadd11758aa76d7dac511a8719434961
    source:
      service_url: https://api.components.espressif.com/
      type: service
    version: 0.0.2
  lvgl/lvgl:
    component_hash: 7b7ee85e48c2eb35bb242a8c7e0e4cd702e150541afb3f69089fb7ba81554d14
    source:
      service_url: https://api.components.espressif.com/
      type: service
    version: 8.3.0
manifest_hash: d3ba2b989d19b48190cdfefb95325db12efb508857ff74ce030779b6af106960
target: esp32s3
version: 1.0.0
