dependencies:
  espressif/esp32-camera:
    component_hash: bf6c6f29710c79228988cf91c18a31b40178f42086b39a3157a4d15df201978b
    source:
      service_url: https://api.components.espressif.com/
      type: service
    version: 2.0.3
  idf:
    component_hash: null
    source:
      type: idf
    version: 5.0.0
  liux-pro/apriltag:
    component_hash: 6d80e23000a5b63043688d3e90f4856dc60e33c5321dac4325ae957661f57085
    source:
      service_url: https://api.components.espressif.com/
      type: service
    version: 0.0.4
  liux-pro/merge:
    component_hash: 157a7a1a24aa135836c6571110436622cadd11758aa76d7dac511a8719434961
    source:
      service_url: https://api.components.espressif.com/
      type: service
    version: 0.0.2
manifest_hash: 9b562037c4f52ad2a8ebf50bcd3aef60e9d72e7a32663354d4710d9acff5a79c
target: esp32s3
version: 1.0.0
